
Microsoft Visual Studio Solution File, Format Version 12.00
# Visual Studio Version 17
VisualStudioVersion = 17.9.34310.174
MinimumVisualStudioVersion = 10.0.40219.1
Project("{FAE04EC0-301F-11D3-BF4B-00C04F79EFBC}") = "Global.Error.Handling.Example", "Global.Error.Handling.Example\Global.Error.Handling.Example.csproj", "{40B65C76-0E0F-4317-8783-0BD8011D5DA5}"
EndProject
Global
	GlobalSection(SolutionConfigurationPlatforms) = preSolution
		Debug|Any CPU = Debug|Any CPU
		Release|Any CPU = Release|Any CPU
	EndGlobalSection
	GlobalSection(ProjectConfigurationPlatforms) = postSolution
		{40B65C76-0E0F-4317-8783-0BD8011D5DA5}.Debug|Any CPU.ActiveCfg = Debug|Any CPU
		{40B65C76-0E0F-4317-8783-0BD8011D5DA5}.Debug|Any CPU.Build.0 = Debug|Any CPU
		{40B65C76-0E0F-4317-8783-0BD8011D5DA5}.Release|Any CPU.ActiveCfg = Release|Any CPU
		{40B65C76-0E0F-4317-8783-0BD8011D5DA5}.Release|Any CPU.Build.0 = Release|Any CPU
	EndGlobalSection
	GlobalSection(SolutionProperties) = preSolution
		HideSolutionNode = FALSE
	EndGlobalSection
	GlobalSection(ExtensibilityGlobals) = postSolution
		SolutionGuid = {D3C7CB32-B8E8-47B6-8923-C7E10CF80580}
	EndGlobalSection
EndGlobal
